{
    "name": "wasmcalc",
    "lockfileVersion": 3,
    "requires": true,
    "packages": {
        "": {
            "devDependencies": {
                "@bytecodealliance/preview2-shim": "^0.16.5"
            }
        },
        "node_modules/@bytecodealliance/preview2-shim": {
            "version": "0.16.5",
            "resolved": "https://registry.npmjs.org/@bytecodealliance/preview2-shim/-/preview2-shim-0.16.5.tgz",
            "integrity": "sha512-1YThPyZ/gWZBgmJ3nEsnBXLxgSV3VOW3vLfyxe/RTKk9fWkTKaUouuZHWBvP0aFN7Hnat733rUeSYAUjEUNONQ==",
            "dev": true
        }
    }
}
